// !$*UTF8*$!
{
	archiveVersion = 1;
	classes = {};
	objectVersion = 56;
	objects = {

/* Begin PBXBuildFile section */
		100000000000000000000001 /* InkShelfApp.swift in Sources */ = {isa = PBXBuildFile; fileRef = 200000000000000000000001 /* InkShelfApp.swift */; };
		100000000000000000000002 /* Book.swift in Sources */ = {isa = PBXBuildFile; fileRef = 200000000000000000000002 /* Book.swift */; };
		100000000000000000000003 /* LibraryStore.swift in Sources */ = {isa = PBXBuildFile; fileRef = 200000000000000000000003 /* LibraryStore.swift */; };
		100000000000000000000004 /* NovelImporter.swift in Sources */ = {isa = PBXBuildFile; fileRef = 200000000000000000000004 /* NovelImporter.swift */; };
		100000000000000000000005 /* ReadAloudService.swift in Sources */ = {isa = PBXBuildFile; fileRef = 200000000000000000000005 /* ReadAloudService.swift */; };
		100000000000000000000006 /* BookPalette.swift in Sources */ = {isa = PBXBuildFile; fileRef = 200000000000000000000006 /* BookPalette.swift */; };
		100000000000000000000007 /* ReaderPreferences.swift in Sources */ = {isa = PBXBuildFile; fileRef = 200000000000000000000007 /* ReaderPreferences.swift */; };
		100000000000000000000008 /* BookCoverView.swift in Sources */ = {isa = PBXBuildFile; fileRef = 200000000000000000000008 /* BookCoverView.swift */; };
		100000000000000000000009 /* BookshelfView.swift in Sources */ = {isa = PBXBuildFile; fileRef = 200000000000000000000009 /* BookshelfView.swift */; };
		10000000000000000000000A /* SettingsView.swift in Sources */ = {isa = PBXBuildFile; fileRef = 20000000000000000000000A /* SettingsView.swift */; };
		10000000000000000000000B /* BookInfoView.swift in Sources */ = {isa = PBXBuildFile; fileRef = 20000000000000000000000B /* BookInfoView.swift */; };
		10000000000000000000000C /* ReaderView.swift in Sources */ = {isa = PBXBuildFile; fileRef = 20000000000000000000000C /* ReaderView.swift */; };
		10000000000000000000000D /* Assets.xcassets in Resources */ = {isa = PBXBuildFile; fileRef = 20000000000000000000000D /* Assets.xcassets */; };
		10000000000000000000000E /* PrivacyInfo.xcprivacy in Resources */ = {isa = PBXBuildFile; fileRef = 20000000000000000000000E /* PrivacyInfo.xcprivacy */; };
		10000000000000000000000F /* NovelParserTests.swift in Sources */ = {isa = PBXBuildFile; fileRef = 20000000000000000000000F /* NovelParserTests.swift */; };
		100000000000000000000010 /* ZIPFoundation in Frameworks */ = {isa = PBXBuildFile; productRef = 900000000000000000000002 /* ZIPFoundation */; };
		100000000000000000000011 /* ReaderPagination.swift in Sources */ = {isa = PBXBuildFile; fileRef = 200000000000000000000012 /* ReaderPagination.swift */; };
		100000000000000000000012 /* InteractivePageTurnView.swift in Sources */ = {isa = PBXBuildFile; fileRef = 200000000000000000000013 /* InteractivePageTurnView.swift */; };
		100000000000000000000018 /* ReadAloudRoles.swift in Sources */ = {isa = PBXBuildFile; fileRef = 200000000000000000000019 /* ReadAloudRoles.swift */; };
		100000000000000000000019 /* ReadAloudSettingsView.swift in Sources */ = {isa = PBXBuildFile; fileRef = 20000000000000000000001A /* ReadAloudSettingsView.swift */; };
		10000000000000000000001A /* LocalVoiceKit.swift in Sources */ = {isa = PBXBuildFile; fileRef = 20000000000000000000001B /* LocalVoiceKit.swift */; };
		10000000000000000000001B /* LocalTTSBridge.mm in Sources */ = {isa = PBXBuildFile; fileRef = 20000000000000000000001C /* LocalTTSBridge.mm */; };
		10000000000000000000001C /* sherpa-onnx.xcframework in Frameworks */ = {isa = PBXBuildFile; fileRef = 20000000000000000000001F /* sherpa-onnx.xcframework */; };
		10000000000000000000001D /* onnxruntime.xcframework in Frameworks */ = {isa = PBXBuildFile; fileRef = 200000000000000000000020 /* onnxruntime.xcframework */; };
		10000000000000000000001E /* SWCompression in Frameworks */ = {isa = PBXBuildFile; productRef = 900000000000000000000004 /* SWCompression */; };
		100000000000000000000013 /* NotoSerifCJKsc-Regular.otf in Resources */ = {isa = PBXBuildFile; fileRef = 200000000000000000000014 /* NotoSerifCJKsc-Regular.otf */; };
		100000000000000000000014 /* NotoSansCJKsc-Regular.otf in Resources */ = {isa = PBXBuildFile; fileRef = 200000000000000000000015 /* NotoSansCJKsc-Regular.otf */; };
		100000000000000000000015 /* LXGWWenKai-Regular.ttf in Resources */ = {isa = PBXBuildFile; fileRef = 200000000000000000000016 /* LXGWWenKai-Regular.ttf */; };
		100000000000000000000016 /* OFL-Noto.txt in Resources */ = {isa = PBXBuildFile; fileRef = 200000000000000000000017 /* OFL-Noto.txt */; };
		100000000000000000000017 /* OFL-LXGWWenKai.txt in Resources */ = {isa = PBXBuildFile; fileRef = 200000000000000000000018 /* OFL-LXGWWenKai.txt */; };
/* End PBXBuildFile section */

/* Begin PBXContainerItemProxy section */
		A00000000000000000000001 /* PBXContainerItemProxy */ = {
			isa = PBXContainerItemProxy;
			containerPortal = 600000000000000000000001 /* Project object */;
			proxyType = 1;
			remoteGlobalIDString = 500000000000000000000001;
			remoteInfo = InkShelf;
		};
/* End PBXContainerItemProxy section */

/* Begin PBXFileReference section */
		200000000000000000000001 /* InkShelfApp.swift */ = {isa = PBXFileReference; lastKnownFileType = sourcecode.swift; path = InkShelfApp.swift; sourceTree = "<group>"; };
		200000000000000000000002 /* Book.swift */ = {isa = PBXFileReference; lastKnownFileType = sourcecode.swift; path = Book.swift; sourceTree = "<group>"; };
		200000000000000000000003 /* LibraryStore.swift */ = {isa = PBXFileReference; lastKnownFileType = sourcecode.swift; path = LibraryStore.swift; sourceTree = "<group>"; };
		200000000000000000000004 /* NovelImporter.swift */ = {isa = PBXFileReference; lastKnownFileType = sourcecode.swift; path = NovelImporter.swift; sourceTree = "<group>"; };
		200000000000000000000005 /* ReadAloudService.swift */ = {isa = PBXFileReference; lastKnownFileType = sourcecode.swift; path = ReadAloudService.swift; sourceTree = "<group>"; };
		200000000000000000000006 /* BookPalette.swift */ = {isa = PBXFileReference; lastKnownFileType = sourcecode.swift; path = BookPalette.swift; sourceTree = "<group>"; };
		200000000000000000000007 /* ReaderPreferences.swift */ = {isa = PBXFileReference; lastKnownFileType = sourcecode.swift; path = ReaderPreferences.swift; sourceTree = "<group>"; };
		200000000000000000000008 /* BookCoverView.swift */ = {isa = PBXFileReference; lastKnownFileType = sourcecode.swift; path = BookCoverView.swift; sourceTree = "<group>"; };
		200000000000000000000009 /* BookshelfView.swift */ = {isa = PBXFileReference; lastKnownFileType = sourcecode.swift; path = BookshelfView.swift; sourceTree = "<group>"; };
		20000000000000000000000A /* SettingsView.swift */ = {isa = PBXFileReference; lastKnownFileType = sourcecode.swift; path = SettingsView.swift; sourceTree = "<group>"; };
		20000000000000000000000B /* BookInfoView.swift */ = {isa = PBXFileReference; lastKnownFileType = sourcecode.swift; path = BookInfoView.swift; sourceTree = "<group>"; };
		20000000000000000000000C /* ReaderView.swift */ = {isa = PBXFileReference; lastKnownFileType = sourcecode.swift; path = ReaderView.swift; sourceTree = "<group>"; };
		20000000000000000000000D /* Assets.xcassets */ = {isa = PBXFileReference; lastKnownFileType = folder.assetcatalog; path = Assets.xcassets; sourceTree = "<group>"; };
		20000000000000000000000E /* PrivacyInfo.xcprivacy */ = {isa = PBXFileReference; lastKnownFileType = text.xml; path = PrivacyInfo.xcprivacy; sourceTree = "<group>"; };
		20000000000000000000000F /* NovelParserTests.swift */ = {isa = PBXFileReference; lastKnownFileType = sourcecode.swift; path = NovelParserTests.swift; sourceTree = "<group>"; };
		200000000000000000000010 /* InkShelf.app */ = {isa = PBXFileReference; explicitFileType = wrapper.application; includeInIndex = 0; path = InkShelf.app; sourceTree = BUILT_PRODUCTS_DIR; };
		200000000000000000000011 /* InkShelfTests.xctest */ = {isa = PBXFileReference; explicitFileType = wrapper.cfbundle; includeInIndex = 0; path = InkShelfTests.xctest; sourceTree = BUILT_PRODUCTS_DIR; };
		200000000000000000000012 /* ReaderPagination.swift */ = {isa = PBXFileReference; lastKnownFileType = sourcecode.swift; path = ReaderPagination.swift; sourceTree = "<group>"; };
		200000000000000000000013 /* InteractivePageTurnView.swift */ = {isa = PBXFileReference; lastKnownFileType = sourcecode.swift; path = InteractivePageTurnView.swift; sourceTree = "<group>"; };
		200000000000000000000014 /* NotoSerifCJKsc-Regular.otf */ = {isa = PBXFileReference; lastKnownFileType = file; path = Fonts/NotoSerifCJKsc-Regular.otf; sourceTree = "<group>"; };
		200000000000000000000015 /* NotoSansCJKsc-Regular.otf */ = {isa = PBXFileReference; lastKnownFileType = file; path = Fonts/NotoSansCJKsc-Regular.otf; sourceTree = "<group>"; };
		200000000000000000000016 /* LXGWWenKai-Regular.ttf */ = {isa = PBXFileReference; lastKnownFileType = file; path = Fonts/LXGWWenKai-Regular.ttf; sourceTree = "<group>"; };
		200000000000000000000017 /* OFL-Noto.txt */ = {isa = PBXFileReference; lastKnownFileType = text; path = Fonts/OFL-Noto.txt; sourceTree = "<group>"; };
		200000000000000000000018 /* OFL-LXGWWenKai.txt */ = {isa = PBXFileReference; lastKnownFileType = text; path = Fonts/OFL-LXGWWenKai.txt; sourceTree = "<group>"; };
		200000000000000000000019 /* ReadAloudRoles.swift */ = {isa = PBXFileReference; lastKnownFileType = sourcecode.swift; path = ReadAloudRoles.swift; sourceTree = "<group>"; };
		20000000000000000000001A /* ReadAloudSettingsView.swift */ = {isa = PBXFileReference; lastKnownFileType = sourcecode.swift; path = ReadAloudSettingsView.swift; sourceTree = "<group>"; };
		20000000000000000000001B /* LocalVoiceKit.swift */ = {isa = PBXFileReference; lastKnownFileType = sourcecode.swift; path = LocalVoiceKit.swift; sourceTree = "<group>"; };
		20000000000000000000001C /* LocalTTSBridge.mm */ = {isa = PBXFileReference; lastKnownFileType = sourcecode.cpp.objcpp; path = LocalTTSBridge.mm; sourceTree = "<group>"; };
		20000000000000000000001D /* LocalTTSBridge.h */ = {isa = PBXFileReference; lastKnownFileType = sourcecode.c.h; path = LocalTTSBridge.h; sourceTree = "<group>"; };
		20000000000000000000001E /* InkShelf-Bridging-Header.h */ = {isa = PBXFileReference; lastKnownFileType = sourcecode.c.h; path = "InkShelf-Bridging-Header.h"; sourceTree = "<group>"; };
		20000000000000000000001F /* sherpa-onnx.xcframework */ = {isa = PBXFileReference; lastKnownFileType = wrapper.xcframework; path = "sherpa-onnx.xcframework"; sourceTree = "<group>"; };
		200000000000000000000020 /* onnxruntime.xcframework */ = {isa = PBXFileReference; lastKnownFileType = wrapper.xcframework; path = "onnxruntime.xcframework"; sourceTree = "<group>"; };
/* End PBXFileReference section */

/* Begin PBXFrameworksBuildPhase section */
		400000000000000000000001 /* Frameworks */ = {isa = PBXFrameworksBuildPhase; buildActionMask = 2147483647; files = (100000000000000000000010 /* ZIPFoundation in Frameworks */, 10000000000000000000001E /* SWCompression in Frameworks */, 10000000000000000000001C /* sherpa-onnx.xcframework in Frameworks */, 10000000000000000000001D /* onnxruntime.xcframework in Frameworks */,); runOnlyForDeploymentPostprocessing = 0; };
		400000000000000000000004 /* Frameworks */ = {isa = PBXFrameworksBuildPhase; buildActionMask = 2147483647; files = (); runOnlyForDeploymentPostprocessing = 0; };
/* End PBXFrameworksBuildPhase section */

/* Begin PBXGroup section */
		300000000000000000000001 = {isa = PBXGroup; children = (300000000000000000000002 /* InkShelf */, 30000000000000000000000B /* Vendor */, 300000000000000000000009 /* InkShelfTests */, 30000000000000000000000A /* Products */); sourceTree = "<group>"; };
		300000000000000000000002 /* InkShelf */ = {isa = PBXGroup; children = (300000000000000000000003 /* App */, 300000000000000000000004 /* Models */, 300000000000000000000005 /* Services */, 300000000000000000000006 /* Theme */, 300000000000000000000007 /* Views */, 300000000000000000000008 /* Resources */, 20000000000000000000001E /* InkShelf-Bridging-Header.h */); path = InkShelf; sourceTree = "<group>"; };
		300000000000000000000003 /* App */ = {isa = PBXGroup; children = (200000000000000000000001 /* InkShelfApp.swift */,); path = App; sourceTree = "<group>"; };
		300000000000000000000004 /* Models */ = {isa = PBXGroup; children = (200000000000000000000002 /* Book.swift */, 200000000000000000000012 /* ReaderPagination.swift */, 200000000000000000000019 /* ReadAloudRoles.swift */,); path = Models; sourceTree = "<group>"; };
		300000000000000000000005 /* Services */ = {isa = PBXGroup; children = (200000000000000000000003 /* LibraryStore.swift */, 200000000000000000000004 /* NovelImporter.swift */, 200000000000000000000005 /* ReadAloudService.swift */, 20000000000000000000001B /* LocalVoiceKit.swift */, 20000000000000000000001C /* LocalTTSBridge.mm */, 20000000000000000000001D /* LocalTTSBridge.h */,); path = Services; sourceTree = "<group>"; };
		300000000000000000000006 /* Theme */ = {isa = PBXGroup; children = (200000000000000000000006 /* BookPalette.swift */, 200000000000000000000007 /* ReaderPreferences.swift */,); path = Theme; sourceTree = "<group>"; };
		300000000000000000000007 /* Views */ = {isa = PBXGroup; children = (200000000000000000000008 /* BookCoverView.swift */, 200000000000000000000009 /* BookshelfView.swift */, 20000000000000000000000A /* SettingsView.swift */, 20000000000000000000001A /* ReadAloudSettingsView.swift */, 20000000000000000000000B /* BookInfoView.swift */, 20000000000000000000000C /* ReaderView.swift */, 200000000000000000000013 /* InteractivePageTurnView.swift */,); path = Views; sourceTree = "<group>"; };
		300000000000000000000008 /* Resources */ = {isa = PBXGroup; children = (20000000000000000000000D /* Assets.xcassets */, 20000000000000000000000E /* PrivacyInfo.xcprivacy */, 200000000000000000000014 /* NotoSerifCJKsc-Regular.otf */, 200000000000000000000015 /* NotoSansCJKsc-Regular.otf */, 200000000000000000000016 /* LXGWWenKai-Regular.ttf */, 200000000000000000000017 /* OFL-Noto.txt */, 200000000000000000000018 /* OFL-LXGWWenKai.txt */,); path = Resources; sourceTree = "<group>"; };
		300000000000000000000009 /* InkShelfTests */ = {isa = PBXGroup; children = (20000000000000000000000F /* NovelParserTests.swift */,); path = InkShelfTests; sourceTree = "<group>"; };
		30000000000000000000000A /* Products */ = {isa = PBXGroup; children = (200000000000000000000010 /* InkShelf.app */, 200000000000000000000011 /* InkShelfTests.xctest */,); name = Products; sourceTree = "<group>"; };
		30000000000000000000000B /* Vendor */ = {isa = PBXGroup; children = (20000000000000000000001F /* sherpa-onnx.xcframework */, 200000000000000000000020 /* onnxruntime.xcframework */,); path = Vendor; sourceTree = "<group>"; };
/* End PBXGroup section */

/* Begin PBXNativeTarget section */
		500000000000000000000001 /* InkShelf */ = {
			isa = PBXNativeTarget;
			buildConfigurationList = 700000000000000000000002 /* Build configuration list for PBXNativeTarget "InkShelf" */;
			buildPhases = (400000000000000000000002 /* Sources */, 400000000000000000000001 /* Frameworks */, 400000000000000000000003 /* Resources */,);
			buildRules = ();
			dependencies = ();
			name = InkShelf;
			packageProductDependencies = (900000000000000000000002 /* ZIPFoundation */, 900000000000000000000004 /* SWCompression */,);
			productName = InkShelf;
			productReference = 200000000000000000000010 /* InkShelf.app */;
			productType = "com.apple.product-type.application";
		};
		500000000000000000000002 /* InkShelfTests */ = {
			isa = PBXNativeTarget;
			buildConfigurationList = 700000000000000000000003 /* Build configuration list for PBXNativeTarget "InkShelfTests" */;
			buildPhases = (400000000000000000000005 /* Sources */, 400000000000000000000004 /* Frameworks */, 400000000000000000000006 /* Resources */,);
			buildRules = ();
			dependencies = (A00000000000000000000002 /* PBXTargetDependency */,);
			name = InkShelfTests;
			productName = InkShelfTests;
			productReference = 200000000000000000000011 /* InkShelfTests.xctest */;
			productType = "com.apple.product-type.bundle.unit-test";
		};
/* End PBXNativeTarget section */

/* Begin PBXProject section */
		600000000000000000000001 /* Project object */ = {
			isa = PBXProject;
			attributes = {BuildIndependentTargetsInParallel = 1; LastSwiftUpdateCheck = 1600; LastUpgradeCheck = 1600; TargetAttributes = {500000000000000000000001 = {CreatedOnToolsVersion = 16.0; }; 500000000000000000000002 = {CreatedOnToolsVersion = 16.0; TestTargetID = 500000000000000000000001; }; }; };
			buildConfigurationList = 700000000000000000000001 /* Build configuration list for PBXProject "InkShelf" */;
			compatibilityVersion = "Xcode 14.0";
			developmentRegion = zh_Hans;
			hasScannedForEncodings = 0;
			knownRegions = (en, Base, zh_Hans,);
			mainGroup = 300000000000000000000001;
			packageReferences = (900000000000000000000001 /* XCRemoteSwiftPackageReference "ZIPFoundation" */, 900000000000000000000003 /* XCRemoteSwiftPackageReference "SWCompression" */,);
			productRefGroup = 30000000000000000000000A /* Products */;
			projectDirPath = "";
			projectRoot = "";
			targets = (500000000000000000000001 /* InkShelf */, 500000000000000000000002 /* InkShelfTests */,);
		};
/* End PBXProject section */

/* Begin PBXResourcesBuildPhase section */
		400000000000000000000003 /* Resources */ = {isa = PBXResourcesBuildPhase; buildActionMask = 2147483647; files = (10000000000000000000000D /* Assets.xcassets in Resources */, 10000000000000000000000E /* PrivacyInfo.xcprivacy in Resources */, 100000000000000000000013 /* NotoSerifCJKsc-Regular.otf in Resources */, 100000000000000000000014 /* NotoSansCJKsc-Regular.otf in Resources */, 100000000000000000000015 /* LXGWWenKai-Regular.ttf in Resources */, 100000000000000000000016 /* OFL-Noto.txt in Resources */, 100000000000000000000017 /* OFL-LXGWWenKai.txt in Resources */,); runOnlyForDeploymentPostprocessing = 0; };
		400000000000000000000006 /* Resources */ = {isa = PBXResourcesBuildPhase; buildActionMask = 2147483647; files = (); runOnlyForDeploymentPostprocessing = 0; };
/* End PBXResourcesBuildPhase section */

/* Begin PBXSourcesBuildPhase section */
		400000000000000000000002 /* Sources */ = {isa = PBXSourcesBuildPhase; buildActionMask = 2147483647; files = (100000000000000000000001, 100000000000000000000002, 100000000000000000000003, 100000000000000000000004, 100000000000000000000005, 100000000000000000000006, 100000000000000000000007, 100000000000000000000008, 100000000000000000000009, 10000000000000000000000A, 10000000000000000000000B, 10000000000000000000000C, 100000000000000000000011, 100000000000000000000012, 100000000000000000000018, 100000000000000000000019, 10000000000000000000001A, 10000000000000000000001B,); runOnlyForDeploymentPostprocessing = 0; };
		400000000000000000000005 /* Sources */ = {isa = PBXSourcesBuildPhase; buildActionMask = 2147483647; files = (10000000000000000000000F /* NovelParserTests.swift in Sources */,); runOnlyForDeploymentPostprocessing = 0; };
/* End PBXSourcesBuildPhase section */

/* Begin PBXTargetDependency section */
		A00000000000000000000002 /* PBXTargetDependency */ = {isa = PBXTargetDependency; target = 500000000000000000000001 /* InkShelf */; targetProxy = A00000000000000000000001 /* PBXContainerItemProxy */; };
/* End PBXTargetDependency section */

/* Begin XCBuildConfiguration section */
		800000000000000000000001 /* Debug */ = {isa = XCBuildConfiguration; buildSettings = {ALWAYS_SEARCH_USER_PATHS = NO; CLANG_ENABLE_MODULES = YES; CLANG_ENABLE_OBJC_ARC = YES; COPY_PHASE_STRIP = NO; DEBUG_INFORMATION_FORMAT = dwarf; ENABLE_TESTABILITY = YES; GCC_C_LANGUAGE_STANDARD = gnu17; GCC_OPTIMIZATION_LEVEL = 0; IPHONEOS_DEPLOYMENT_TARGET = 17.0; MTL_ENABLE_DEBUG_INFO = INCLUDE_SOURCE; ONLY_ACTIVE_ARCH = YES; SDKROOT = iphoneos; SWIFT_ACTIVE_COMPILATION_CONDITIONS = "DEBUG $(inherited)"; SWIFT_OPTIMIZATION_LEVEL = "-Onone"; }; name = Debug; };
		800000000000000000000002 /* Release */ = {isa = XCBuildConfiguration; buildSettings = {ALWAYS_SEARCH_USER_PATHS = NO; CLANG_ENABLE_MODULES = YES; CLANG_ENABLE_OBJC_ARC = YES; COPY_PHASE_STRIP = NO; DEBUG_INFORMATION_FORMAT = "dwarf-with-dsym"; ENABLE_NS_ASSERTIONS = NO; GCC_C_LANGUAGE_STANDARD = gnu17; IPHONEOS_DEPLOYMENT_TARGET = 17.0; MTL_ENABLE_DEBUG_INFO = NO; SDKROOT = iphoneos; SWIFT_COMPILATION_MODE = wholemodule; VALIDATE_PRODUCT = YES; }; name = Release; };
		800000000000000000000003 /* Debug */ = {isa = XCBuildConfiguration; buildSettings = {ASSETCATALOG_COMPILER_APPICON_NAME = AppIcon; ASSETCATALOG_COMPILER_GLOBAL_ACCENT_COLOR_NAME = AccentColor; CODE_SIGN_STYLE = Automatic; CURRENT_PROJECT_VERSION = 1; DEVELOPMENT_ASSET_PATHS = ""; DEVELOPMENT_TEAM = ""; ENABLE_PREVIEWS = YES; GENERATE_INFOPLIST_FILE = YES; INFOPLIST_FILE = InkShelf/Info.plist; INFOPLIST_KEY_CFBundleDisplayName = "墨架"; INFOPLIST_KEY_LSSupportsOpeningDocumentsInPlace = YES; INFOPLIST_KEY_UIAppFonts = (NotoSerifCJKsc-Regular.otf, NotoSansCJKsc-Regular.otf, LXGWWenKai-Regular.ttf,); INFOPLIST_KEY_UIApplicationSupportsIndirectInputEvents = YES; INFOPLIST_KEY_UILaunchScreen_Generation = YES; IPHONEOS_DEPLOYMENT_TARGET = 17.0; MARKETING_VERSION = 1.0.0; OTHER_LDFLAGS = "-lc++"; PRODUCT_BUNDLE_IDENTIFIER = com.example.InkShelf; PRODUCT_NAME = "$(TARGET_NAME)"; SWIFT_EMIT_LOC_STRINGS = YES; SWIFT_OBJC_BRIDGING_HEADER = "InkShelf/InkShelf-Bridging-Header.h"; SWIFT_VERSION = 5.0; TARGETED_DEVICE_FAMILY = "1,2"; }; name = Debug; };
		800000000000000000000004 /* Release */ = {isa = XCBuildConfiguration; buildSettings = {ASSETCATALOG_COMPILER_APPICON_NAME = AppIcon; ASSETCATALOG_COMPILER_GLOBAL_ACCENT_COLOR_NAME = AccentColor; CODE_SIGN_STYLE = Automatic; CURRENT_PROJECT_VERSION = 1; DEVELOPMENT_ASSET_PATHS = ""; DEVELOPMENT_TEAM = ""; ENABLE_PREVIEWS = YES; GENERATE_INFOPLIST_FILE = YES; INFOPLIST_FILE = InkShelf/Info.plist; INFOPLIST_KEY_CFBundleDisplayName = "墨架"; INFOPLIST_KEY_LSSupportsOpeningDocumentsInPlace = YES; INFOPLIST_KEY_UIAppFonts = (NotoSerifCJKsc-Regular.otf, NotoSansCJKsc-Regular.otf, LXGWWenKai-Regular.ttf,); INFOPLIST_KEY_UIApplicationSupportsIndirectInputEvents = YES; INFOPLIST_KEY_UILaunchScreen_Generation = YES; IPHONEOS_DEPLOYMENT_TARGET = 17.0; MARKETING_VERSION = 1.0.0; OTHER_LDFLAGS = "-lc++"; PRODUCT_BUNDLE_IDENTIFIER = com.example.InkShelf; PRODUCT_NAME = "$(TARGET_NAME)"; SWIFT_EMIT_LOC_STRINGS = YES; SWIFT_OBJC_BRIDGING_HEADER = "InkShelf/InkShelf-Bridging-Header.h"; SWIFT_VERSION = 5.0; TARGETED_DEVICE_FAMILY = "1,2"; }; name = Release; };
		800000000000000000000005 /* Debug */ = {isa = XCBuildConfiguration; buildSettings = {BUNDLE_LOADER = "$(TEST_HOST)"; CODE_SIGN_STYLE = Automatic; CURRENT_PROJECT_VERSION = 1; GENERATE_INFOPLIST_FILE = YES; IPHONEOS_DEPLOYMENT_TARGET = 17.0; PRODUCT_BUNDLE_IDENTIFIER = com.example.InkShelfTests; PRODUCT_NAME = "$(TARGET_NAME)"; SWIFT_VERSION = 5.0; TARGETED_DEVICE_FAMILY = "1,2"; TEST_HOST = "$(BUILT_PRODUCTS_DIR)/InkShelf.app/$(BUNDLE_EXECUTABLE_FOLDER_PATH)/InkShelf"; }; name = Debug; };
		800000000000000000000006 /* Release */ = {isa = XCBuildConfiguration; buildSettings = {BUNDLE_LOADER = "$(TEST_HOST)"; CODE_SIGN_STYLE = Automatic; CURRENT_PROJECT_VERSION = 1; GENERATE_INFOPLIST_FILE = YES; IPHONEOS_DEPLOYMENT_TARGET = 17.0; PRODUCT_BUNDLE_IDENTIFIER = com.example.InkShelfTests; PRODUCT_NAME = "$(TARGET_NAME)"; SWIFT_VERSION = 5.0; TARGETED_DEVICE_FAMILY = "1,2"; TEST_HOST = "$(BUILT_PRODUCTS_DIR)/InkShelf.app/$(BUNDLE_EXECUTABLE_FOLDER_PATH)/InkShelf"; }; name = Release; };
/* End XCBuildConfiguration section */

/* Begin XCConfigurationList section */
		700000000000000000000001 /* Build configuration list for PBXProject "InkShelf" */ = {isa = XCConfigurationList; buildConfigurations = (800000000000000000000001 /* Debug */, 800000000000000000000002 /* Release */,); defaultConfigurationIsVisible = 0; defaultConfigurationName = Release; };
		700000000000000000000002 /* Build configuration list for PBXNativeTarget "InkShelf" */ = {isa = XCConfigurationList; buildConfigurations = (800000000000000000000003 /* Debug */, 800000000000000000000004 /* Release */,); defaultConfigurationIsVisible = 0; defaultConfigurationName = Release; };
		700000000000000000000003 /* Build configuration list for PBXNativeTarget "InkShelfTests" */ = {isa = XCConfigurationList; buildConfigurations = (800000000000000000000005 /* Debug */, 800000000000000000000006 /* Release */,); defaultConfigurationIsVisible = 0; defaultConfigurationName = Release; };
/* End XCConfigurationList section */

/* Begin XCRemoteSwiftPackageReference section */
		900000000000000000000001 /* XCRemoteSwiftPackageReference "ZIPFoundation" */ = {isa = XCRemoteSwiftPackageReference; repositoryURL = "https://github.com/weichsel/ZIPFoundation.git"; requirement = {kind = exactVersion; version = 0.9.20; }; };
		900000000000000000000003 /* XCRemoteSwiftPackageReference "SWCompression" */ = {isa = XCRemoteSwiftPackageReference; repositoryURL = "https://github.com/tsolomko/SWCompression.git"; requirement = {kind = exactVersion; version = 4.9.0; }; };
/* End XCRemoteSwiftPackageReference section */

/* Begin XCSwiftPackageProductDependency section */
		900000000000000000000002 /* ZIPFoundation */ = {isa = XCSwiftPackageProductDependency; package = 900000000000000000000001 /* XCRemoteSwiftPackageReference "ZIPFoundation" */; productName = ZIPFoundation; };
		900000000000000000000004 /* SWCompression */ = {isa = XCSwiftPackageProductDependency; package = 900000000000000000000003 /* XCRemoteSwiftPackageReference "SWCompression" */; productName = SWCompression; };
/* End XCSwiftPackageProductDependency section */
	};
	rootObject = 600000000000000000000001 /* Project object */;
}
